schema: '2.0'
stages:
  data_splitter:
    cmd: python src/data/data_splitter.py
    deps:
    - path: data/raw_data/raw.csv
      hash: md5
      md5: 617b56af2992376d5c3e91ad80823898
      size: 333757
    - path: src/data/data_splitter.py
      hash: md5
      md5: 1e628c43e26603df8daca425b1f2bdc3
      size: 1654
    outs:
    - path: data/processed_data/X_test.csv
      hash: md5
      md5: 1f6bf6678694f9f2b050d5d8448ece9c
      size: 65682
    - path: data/processed_data/X_train.csv
      hash: md5
      md5: 53f2c303c32c7d707ff7344cbec72899
      size: 196410
    - path: data/processed_data/y_test.csv
      hash: md5
      md5: c39177bed1cd915d0bec6ca04f4de262
      size: 8090
    - path: data/processed_data/y_train.csv
      hash: md5
      md5: c91d56cc35aff0a9c7e0b91ab882f9de
      size: 24317
  data_normal:
    cmd: python src/data/data_normal.py
    deps:
    - path: data/processed_data/X_test.csv
      hash: md5
      md5: 1f6bf6678694f9f2b050d5d8448ece9c
      size: 65682
    - path: data/processed_data/X_train.csv
      hash: md5
      md5: 53f2c303c32c7d707ff7344cbec72899
      size: 196410
    - path: src/data/data_normal.py
      hash: md5
      md5: 4eed55b21cfabc12ff4e14eacbd26360
      size: 1549
    outs:
    - path: data/processed_data/X_test_scaled.csv
      hash: md5
      md5: 5c23c500ecb59bc45dcd8eba0ade04db
      size: 70983
    - path: data/processed_data/X_train_scaled.csv
      hash: md5
      md5: 2483aa0d364652a29d3bbe05aa4bacfc
      size: 212616
  grid_search:
    cmd: python src/models/grid_search.py
    deps:
    - path: data/processed_data/X_test_scaled.csv
      hash: md5
      md5: 5c23c500ecb59bc45dcd8eba0ade04db
      size: 70983
    - path: data/processed_data/X_train_scaled.csv
      hash: md5
      md5: 2483aa0d364652a29d3bbe05aa4bacfc
      size: 212616
    - path: data/processed_data/y_test.csv
      hash: md5
      md5: c39177bed1cd915d0bec6ca04f4de262
      size: 8090
    - path: data/processed_data/y_train.csv
      hash: md5
      md5: c91d56cc35aff0a9c7e0b91ab882f9de
      size: 24317
    - path: src/models/grid_search.py
      hash: md5
      md5: f309c8b645a51d97784355f203e471a5
      size: 2298
    outs:
    - path: models/best_grid_search_parameters.pkl
      hash: md5
      md5: 47bbe019746edca6bfab91c852c50f1b
      size: 47
  model_training:
    cmd: python src/models/model_training.py
    deps:
    - path: data/processed_data/X_test_scaled.csv
      hash: md5
      md5: 5c23c500ecb59bc45dcd8eba0ade04db
      size: 70983
    - path: data/processed_data/X_train_scaled.csv
      hash: md5
      md5: 2483aa0d364652a29d3bbe05aa4bacfc
      size: 212616
    - path: data/processed_data/y_test.csv
      hash: md5
      md5: c39177bed1cd915d0bec6ca04f4de262
      size: 8090
    - path: data/processed_data/y_train.csv
      hash: md5
      md5: c91d56cc35aff0a9c7e0b91ab882f9de
      size: 24317
    - path: models/best_grid_search_parameters.pkl
      hash: md5
      md5: 47bbe019746edca6bfab91c852c50f1b
      size: 47
    - path: src/models/model_training.py
      hash: md5
      md5: e30bb420d018678e7a517aea1785821e
      size: 2091
    outs:
    - path: models/random_forest.pkl
      hash: md5
      md5: 204265a4e314c956ccf4cac98d9391be
      size: 44401
  model_evaluate:
    cmd: python src/models/model_evaluate.py
    deps:
    - path: data/processed_data/X_test_scaled.csv
      hash: md5
      md5: 5c23c500ecb59bc45dcd8eba0ade04db
      size: 70983
    - path: data/processed_data/X_train_scaled.csv
      hash: md5
      md5: 2483aa0d364652a29d3bbe05aa4bacfc
      size: 212616
    - path: data/processed_data/y_test.csv
      hash: md5
      md5: c39177bed1cd915d0bec6ca04f4de262
      size: 8090
    - path: data/processed_data/y_train.csv
      hash: md5
      md5: c91d56cc35aff0a9c7e0b91ab882f9de
      size: 24317
    - path: models/random_forest.pkl
      hash: md5
      md5: 204265a4e314c956ccf4cac98d9391be
      size: 44401
    - path: src/models/model_evaluate.py
      hash: md5
      md5: 3acc09ca65bc348c4156176e836e4369
      size: 2378
